{
  "requires": true,
  "lockfileVersion": 1,
  "dependencies": {
    "@webassemblyjs/ast": {
      "version": "1.11.0",
      "resolved": "https://registry.npmjs.org/@webassemblyjs/ast/-/ast-1.11.0.tgz",
      "integrity": "sha512-kX2W49LWsbthrmIRMbQZuQDhGtjyqXfEmmHyEi4XWnSZtPmxY0+3anPIzsnRb45VH/J55zlOfWvZuY47aJZTJg==",
      "requires": {
        "@webassemblyjs/helper-numbers": "1.11.0",
        "@webassemblyjs/helper-wasm-bytecode": "1.11.0"
      },
      "dependencies": {
        "@webassemblyjs/helper-wasm-bytecode": {
          "version": "1.11.0",
          "resolved": "https://registry.npmjs.org/@webassemblyjs/helper-wasm-bytecode/-/helper-wasm-bytecode-1.11.0.tgz",
          "integrity": "sha512-MbmhvxXExm542tWREgSFnOVo07fDpsBJg3sIl6fSp9xuu75eGz5lz31q7wTLffwL3Za7XNRCMZy210+tnsUSEA=="
        }
      }
    },
    "@webassemblyjs/floating-point-hex-parser": {
      "version": "1.9.0",
      "resolved": "https://registry.npmjs.org/@webassemblyjs/floating-point-hex-parser/-/floating-point-hex-parser-1.9.0.tgz",
      "integrity": "sha512-TG5qcFsS8QB4g4MhrxK5TqfdNe7Ey/7YL/xN+36rRjl/BlGE/NcBvJcqsRgCP6Z92mRE+7N50pRIi8SmKUbcQA=="
    },
    "@webassemblyjs/helper-api-error": {
      "version": "1.9.0",
      "resolved": "https://registry.npmjs.org/@webassemblyjs/helper-api-error/-/helper-api-error-1.9.0.tgz",
      "integrity": "sha512-NcMLjoFMXpsASZFxJ5h2HZRcEhDkvnNFOAKneP5RbKRzaWJN36NC4jqQHKwStIhGXu5mUWlUUk7ygdtrO8lbmw=="
    },
    "@webassemblyjs/helper-code-frame": {
      "version": "1.9.0",
      "resolved": "https://registry.npmjs.org/@webassemblyjs/helper-code-frame/-/helper-code-frame-1.9.0.tgz",
      "integrity": "sha512-ERCYdJBkD9Vu4vtjUYe8LZruWuNIToYq/ME22igL+2vj2dQ2OOujIZr3MEFvfEaqKoVqpsFKAGsRdBSBjrIvZA==",
      "requires": {
        "@webassemblyjs/wast-printer": "1.9.0"
      }
    },
    "@webassemblyjs/helper-fsm": {
      "version": "1.9.0",
      "resolved": "https://registry.npmjs.org/@webassemblyjs/helper-fsm/-/helper-fsm-1.9.0.tgz",
      "integrity": "sha512-OPRowhGbshCb5PxJ8LocpdX9Kl0uB4XsAjl6jH/dWKlk/mzsANvhwbiULsaiqT5GZGT9qinTICdj6PLuM5gslw=="
    },
    "@webassemblyjs/helper-module-context": {
      "version": "1.9.0",
      "resolved": "https://registry.npmjs.org/@webassemblyjs/helper-module-context/-/helper-module-context-1.9.0.tgz",
      "integrity": "sha512-MJCW8iGC08tMk2enck1aPW+BE5Cw8/7ph/VGZxwyvGbJwjktKkDK7vy7gAmMDx88D7mhDTCNKAW5tED+gZ0W8g==",
      "requires": {
        "@webassemblyjs/ast": "1.9.0"
      },
      "dependencies": {
        "@webassemblyjs/ast": {
          "version": "1.9.0",
          "resolved": "https://registry.npmjs.org/@webassemblyjs/ast/-/ast-1.9.0.tgz",
          "integrity": "sha512-C6wW5L+b7ogSDVqymbkkvuW9kruN//YisMED04xzeBBqjHa2FYnmvOlS6Xj68xWQRgWvI9cIglsjFowH/RJyEA==",
          "requires": {
            "@webassemblyjs/helper-module-context": "1.9.0",
            "@webassemblyjs/helper-wasm-bytecode": "1.9.0",
            "@webassemblyjs/wast-parser": "1.9.0"
          }
        }
      }
    },
    "@webassemblyjs/helper-numbers": {
      "version": "1.11.0",
      "resolved": "https://registry.npmjs.org/@webassemblyjs/helper-numbers/-/helper-numbers-1.11.0.tgz",
      "integrity": "sha512-DhRQKelIj01s5IgdsOJMKLppI+4zpmcMQ3XboFPLwCpSNH6Hqo1ritgHgD0nqHeSYqofA6aBN/NmXuGjM1jEfQ==",
      "requires": {
        "@webassemblyjs/floating-point-hex-parser": "1.11.0",
        "@webassemblyjs/helper-api-error": "1.11.0",
        "@xtuc/long": "4.2.2"
      },
      "dependencies": {
        "@webassemblyjs/floating-point-hex-parser": {
          "version": "1.11.0",
          "resolved": "https://registry.npmjs.org/@webassemblyjs/floating-point-hex-parser/-/floating-point-hex-parser-1.11.0.tgz",
          "integrity": "sha512-Q/aVYs/VnPDVYvsCBL/gSgwmfjeCb4LW8+TMrO3cSzJImgv8lxxEPM2JA5jMrivE7LSz3V+PFqtMbls3m1exDA=="
        },
        "@webassemblyjs/helper-api-error": {
          "version": "1.11.0",
          "resolved": "https://registry.npmjs.org/@webassemblyjs/helper-api-error/-/helper-api-error-1.11.0.tgz",
          "integrity": "sha512-baT/va95eXiXb2QflSx95QGT5ClzWpGaa8L7JnJbgzoYeaA27FCvuBXU758l+KXWRndEmUXjP0Q5fibhavIn8w=="
        }
      }
    },
    "@webassemblyjs/helper-wasm-bytecode": {
      "version": "1.9.0",
      "resolved": "https://registry.npmjs.org/@webassemblyjs/helper-wasm-bytecode/-/helper-wasm-bytecode-1.9.0.tgz",
      "integrity": "sha512-R7FStIzyNcd7xKxCZH5lE0Bqy+hGTwS3LJjuv1ZVxd9O7eHCedSdrId/hMOd20I+v8wDXEn+bjfKDLzTepoaUw=="
    },
    "@webassemblyjs/wast-parser": {
      "version": "1.9.0",
      "resolved": "https://registry.npmjs.org/@webassemblyjs/wast-parser/-/wast-parser-1.9.0.tgz",
      "integrity": "sha512-qsqSAP3QQ3LyZjNC/0jBJ/ToSxfYJ8kYyuiGvtn/8MK89VrNEfwj7BPQzJVHi0jGTRK2dGdJ5PRqhtjzoww+bw==",
      "requires": {
        "@webassemblyjs/ast": "1.9.0",
        "@webassemblyjs/floating-point-hex-parser": "1.9.0",
        "@webassemblyjs/helper-api-error": "1.9.0",
        "@webassemblyjs/helper-code-frame": "1.9.0",
        "@webassemblyjs/helper-fsm": "1.9.0",
        "@xtuc/long": "4.2.2"
      },
      "dependencies": {
        "@webassemblyjs/ast": {
          "version": "1.9.0",
          "resolved": "https://registry.npmjs.org/@webassemblyjs/ast/-/ast-1.9.0.tgz",
          "integrity": "sha512-C6wW5L+b7ogSDVqymbkkvuW9kruN//YisMED04xzeBBqjHa2FYnmvOlS6Xj68xWQRgWvI9cIglsjFowH/RJyEA==",
          "requires": {
            "@webassemblyjs/helper-module-context": "1.9.0",
            "@webassemblyjs/helper-wasm-bytecode": "1.9.0",
            "@webassemblyjs/wast-parser": "1.9.0"
          }
        }
      }
    },
    "@webassemblyjs/wast-printer": {
      "version": "1.9.0",
      "resolved": "https://registry.npmjs.org/@webassemblyjs/wast-printer/-/wast-printer-1.9.0.tgz",
      "integrity": "sha512-2J0nE95rHXHyQ24cWjMKJ1tqB/ds8z/cyeOZxJhcb+rW+SQASVjuznUSmdz5GpVJTzU8JkhYut0D3siFDD6wsA==",
      "requires": {
        "@webassemblyjs/ast": "1.9.0",
        "@webassemblyjs/wast-parser": "1.9.0",
        "@xtuc/long": "4.2.2"
      },
      "dependencies": {
        "@webassemblyjs/ast": {
          "version": "1.9.0",
          "resolved": "https://registry.npmjs.org/@webassemblyjs/ast/-/ast-1.9.0.tgz",
          "integrity": "sha512-C6wW5L+b7ogSDVqymbkkvuW9kruN//YisMED04xzeBBqjHa2FYnmvOlS6Xj68xWQRgWvI9cIglsjFowH/RJyEA==",
          "requires": {
            "@webassemblyjs/helper-module-context": "1.9.0",
            "@webassemblyjs/helper-wasm-bytecode": "1.9.0",
            "@webassemblyjs/wast-parser": "1.9.0"
          }
        }
      }
    },
    "@xtuc/long": {
      "version": "4.2.2",
      "resolved": "https://registry.npmjs.org/@xtuc/long/-/long-4.2.2.tgz",
      "integrity": "sha512-NuHqBY1PB/D8xU6s/thBgOAiAP7HOYDQ32+BFZILJ8ivkUkAHQnWfn6WhL79Owj1qmUnoN/YPhktdIoucipkAQ=="
    },
    "sanitize-filename": {
      "version": "1.6.3",
      "resolved": "https://registry.npmjs.org/sanitize-filename/-/sanitize-filename-1.6.3.tgz",
      "integrity": "sha512-y/52Mcy7aw3gRm7IrcGDFx/bCk4AhRh2eI9luHOQM86nZsqwiRkkq2GekHXBBD+SmPidc8i2PqtYZl+pWJ8Oeg==",
      "requires": {
        "truncate-utf8-bytes": "^1.0.0"
      }
    },
    "sanitize-filename-ts": {
      "version": "1.0.2",
      "resolved": "https://registry.npmjs.org/sanitize-filename-ts/-/sanitize-filename-ts-1.0.2.tgz",
      "integrity": "sha512-bON2VOJoappmaBHlnxvBNk5R7HkUAsirf5m1M5Kz15uZykDGbHfGPCQNcEQKR8HrQhgh9CmQ6Xe9y71yM9ywkw==",
      "requires": {
        "truncate-utf8-bytes": "^1.0.2"
      }
    },
    "truncate-utf8-bytes": {
      "version": "1.0.2",
      "resolved": "https://registry.npmjs.org/truncate-utf8-bytes/-/truncate-utf8-bytes-1.0.2.tgz",
      "integrity": "sha1-QFkjkJWS1W94pYGENLC3hInKXys=",
      "requires": {
        "utf8-byte-length": "^1.0.1"
      }
    },
    "utf8-byte-length": {
      "version": "1.0.4",
      "resolved": "https://registry.npmjs.org/utf8-byte-length/-/utf8-byte-length-1.0.4.tgz",
      "integrity": "sha1-9F8VDExm7uloGGUFq5P8u4rWv2E="
    }
  }
}
